// !$*UTF8*$!
{
	archiveVersion = 1;
	classes = {
	};
	objectVersion = 56;
	objects = {

/* Begin PBXBuildFile section */
		A432B40A2C51305700E15136 /* AppDelegate.swift in Sources */ = {isa = PBXBuildFile; fileRef = A432B4092C51305700E15136 /* AppDelegate.swift */; };
		A432B40C2C51305700E15136 /* SceneDelegate.swift in Sources */ = {isa = PBXBuildFile; fileRef = A432B40B2C51305700E15136 /* SceneDelegate.swift */; };
		A432B40E2C51305700E15136 /* ViewController.swift in Sources */ = {isa = PBXBuildFile; fileRef = A432B40D2C51305700E15136 /* ViewController.swift */; };
		A432B4112C51305700E15136 /* Base in Resources */ = {isa = PBXBuildFile; fileRef = A432B4102C51305700E15136 /* Base */; };
		A432B4132C51305A00E15136 /* Assets.xcassets in Resources */ = {isa = PBXBuildFile; fileRef = A432B4122C51305A00E15136 /* Assets.xcassets */; };
		A432B4162C51305A00E15136 /* Base in Resources */ = {isa = PBXBuildFile; fileRef = A432B4152C51305A00E15136 /* Base */; };
		A432B4212C51305B00E15136 /* AppNotificaTests.swift in Sources */ = {isa = PBXBuildFile; fileRef = A432B4202C51305B00E15136 /* AppNotificaTests.swift */; };
		A432B42B2C51305B00E15136 /* AppNotificaUITests.swift in Sources */ = {isa = PBXBuildFile; fileRef = A432B42A2C51305B00E15136 /* AppNotificaUITests.swift */; };
		A432B42D2C51305B00E15136 /* AppNotificaUITestsLaunchTests.swift in Sources */ = {isa = PBXBuildFile; fileRef = A432B42C2C51305B00E15136 /* AppNotificaUITestsLaunchTests.swift */; };
		A46B555C2C5A7ABD00B03D1E /* RegisterView.swift in Sources */ = {isa = PBXBuildFile; fileRef = A46B555B2C5A7ABD00B03D1E /* RegisterView.swift */; };
		A46B555E2C5A7AD300B03D1E /* RegisterViewController.swift in Sources */ = {isa = PBXBuildFile; fileRef = A46B555D2C5A7AD300B03D1E /* RegisterViewController.swift */; };
		A46B55602C5A7B0500B03D1E /* RegisterCoordinator.swift in Sources */ = {isa = PBXBuildFile; fileRef = A46B555F2C5A7B0500B03D1E /* RegisterCoordinator.swift */; };
		A48400E02C57CECC00250DF9 /* LoginView.swift in Sources */ = {isa = PBXBuildFile; fileRef = A48400DF2C57CECC00250DF9 /* LoginView.swift */; };
		A48400E32C57D56D00250DF9 /* Coordinator.swift in Sources */ = {isa = PBXBuildFile; fileRef = A48400E22C57D56D00250DF9 /* Coordinator.swift */; };
		A48400E52C57D5AB00250DF9 /* LoginCoordinator.swift in Sources */ = {isa = PBXBuildFile; fileRef = A48400E42C57D5AB00250DF9 /* LoginCoordinator.swift */; };
		A48400E82C57D6F400250DF9 /* LoginViewController.swift in Sources */ = {isa = PBXBuildFile; fileRef = A48400E72C57D6F400250DF9 /* LoginViewController.swift */; };
		A4DC9A962C6A460A00E006D7 /* HomeView.swift in Sources */ = {isa = PBXBuildFile; fileRef = A4DC9A952C6A460A00E006D7 /* HomeView.swift */; };
		A4DC9A982C6A462600E006D7 /* HomeViewController.swift in Sources */ = {isa = PBXBuildFile; fileRef = A4DC9A972C6A462600E006D7 /* HomeViewController.swift */; };
		A4DC9A9A2C6A464000E006D7 /* HomeCoordinator.swift in Sources */ = {isa = PBXBuildFile; fileRef = A4DC9A992C6A464000E006D7 /* HomeCoordinator.swift */; };
		A4DC9A9C2C6A4D2100E006D7 /* ViewControllerDefault.swift in Sources */ = {isa = PBXBuildFile; fileRef = A4DC9A9B2C6A4D2100E006D7 /* ViewControllerDefault.swift */; };
		A82C71F82C596EC300CB05D6 /* UIColor+.swift in Sources */ = {isa = PBXBuildFile; fileRef = A82C71F72C596EC300CB05D6 /* UIColor+.swift */; };
		A82C71FB2C59796D00CB05D6 /* imageDefault.swift in Sources */ = {isa = PBXBuildFile; fileRef = A82C71FA2C59796D00CB05D6 /* imageDefault.swift */; };
		A82C71FD2C597A2300CB05D6 /* buttonDefault.swift in Sources */ = {isa = PBXBuildFile; fileRef = A82C71FC2C597A2300CB05D6 /* buttonDefault.swift */; };
		A82C71FF2C597A3200CB05D6 /* labelDefault.swift in Sources */ = {isa = PBXBuildFile; fileRef = A82C71FE2C597A3200CB05D6 /* labelDefault.swift */; };
		A82C72012C597A5600CB05D6 /* textFieldDefault.swift in Sources */ = {isa = PBXBuildFile; fileRef = A82C72002C597A5600CB05D6 /* textFieldDefault.swift */; };
/* End PBXBuildFile section */

/* Begin PBXContainerItemProxy section */
		A432B41D2C51305B00E15136 /* PBXContainerItemProxy */ = {
			isa = PBXContainerItemProxy;
			containerPortal = A432B3FE2C51305700E15136 /* Project object */;
			proxyType = 1;
			remoteGlobalIDString = A432B4052C51305700E15136;
			remoteInfo = AppNotifica;
		};
		A432B4272C51305B00E15136 /* PBXContainerItemProxy */ = {
			isa = PBXContainerItemProxy;
			containerPortal = A432B3FE2C51305700E15136 /* Project object */;
			proxyType = 1;
			remoteGlobalIDString = A432B4052C51305700E15136;
			remoteInfo = AppNotifica;
		};
/* End PBXContainerItemProxy section */

/* Begin PBXFileReference section */
		A432B4062C51305700E15136 /* AppNotifica.app */ = {isa = PBXFileReference; explicitFileType = wrapper.application; includeInIndex = 0; path = AppNotifica.app; sourceTree = BUILT_PRODUCTS_DIR; };
		A432B4092C51305700E15136 /* AppDelegate.swift */ = {isa = PBXFileReference; lastKnownFileType = sourcecode.swift; path = AppDelegate.swift; sourceTree = "<group>"; };
		A432B40B2C51305700E15136 /* SceneDelegate.swift */ = {isa = PBXFileReference; lastKnownFileType = sourcecode.swift; path = SceneDelegate.swift; sourceTree = "<group>"; };
		A432B40D2C51305700E15136 /* ViewController.swift */ = {isa = PBXFileReference; lastKnownFileType = sourcecode.swift; path = ViewController.swift; sourceTree = "<group>"; };
		A432B4102C51305700E15136 /* Base */ = {isa = PBXFileReference; lastKnownFileType = file.storyboard; name = Base; path = Base.lproj/Main.storyboard; sourceTree = "<group>"; };
		A432B4122C51305A00E15136 /* Assets.xcassets */ = {isa = PBXFileReference; lastKnownFileType = folder.assetcatalog; path = Assets.xcassets; sourceTree = "<group>"; };
		A432B4152C51305A00E15136 /* Base */ = {isa = PBXFileReference; lastKnownFileType = file.storyboard; name = Base; path = Base.lproj/LaunchScreen.storyboard; sourceTree = "<group>"; };
		A432B4172C51305A00E15136 /* Info.plist */ = {isa = PBXFileReference; lastKnownFileType = text.plist.xml; path = Info.plist; sourceTree = "<group>"; };
		A432B41C2C51305B00E15136 /* AppNotificaTests.xctest */ = {isa = PBXFileReference; explicitFileType = wrapper.cfbundle; includeInIndex = 0; path = AppNotificaTests.xctest; sourceTree = BUILT_PRODUCTS_DIR; };
		A432B4202C51305B00E15136 /* AppNotificaTests.swift */ = {isa = PBXFileReference; lastKnownFileType = sourcecode.swift; path = AppNotificaTests.swift; sourceTree = "<group>"; };
		A432B4262C51305B00E15136 /* AppNotificaUITests.xctest */ = {isa = PBXFileReference; explicitFileType = wrapper.cfbundle; includeInIndex = 0; path = AppNotificaUITests.xctest; sourceTree = BUILT_PRODUCTS_DIR; };
		A432B42A2C51305B00E15136 /* AppNotificaUITests.swift */ = {isa = PBXFileReference; lastKnownFileType = sourcecode.swift; path = AppNotificaUITests.swift; sourceTree = "<group>"; };
		A432B42C2C51305B00E15136 /* AppNotificaUITestsLaunchTests.swift */ = {isa = PBXFileReference; lastKnownFileType = sourcecode.swift; path = AppNotificaUITestsLaunchTests.swift; sourceTree = "<group>"; };
		A46B555B2C5A7ABD00B03D1E /* RegisterView.swift */ = {isa = PBXFileReference; lastKnownFileType = sourcecode.swift; path = RegisterView.swift; sourceTree = "<group>"; };
		A46B555D2C5A7AD300B03D1E /* RegisterViewController.swift */ = {isa = PBXFileReference; lastKnownFileType = sourcecode.swift; path = RegisterViewController.swift; sourceTree = "<group>"; };
		A46B555F2C5A7B0500B03D1E /* RegisterCoordinator.swift */ = {isa = PBXFileReference; lastKnownFileType = sourcecode.swift; path = RegisterCoordinator.swift; sourceTree = "<group>"; };
		A48400DF2C57CECC00250DF9 /* LoginView.swift */ = {isa = PBXFileReference; lastKnownFileType = sourcecode.swift; path = LoginView.swift; sourceTree = "<group>"; };
		A48400E22C57D56D00250DF9 /* Coordinator.swift */ = {isa = PBXFileReference; lastKnownFileType = sourcecode.swift; path = Coordinator.swift; sourceTree = "<group>"; };
		A48400E42C57D5AB00250DF9 /* LoginCoordinator.swift */ = {isa = PBXFileReference; lastKnownFileType = sourcecode.swift; path = LoginCoordinator.swift; sourceTree = "<group>"; };
		A48400E72C57D6F400250DF9 /* LoginViewController.swift */ = {isa = PBXFileReference; lastKnownFileType = sourcecode.swift; path = LoginViewController.swift; sourceTree = "<group>"; };
		A4DC9A952C6A460A00E006D7 /* HomeView.swift */ = {isa = PBXFileReference; lastKnownFileType = sourcecode.swift; path = HomeView.swift; sourceTree = "<group>"; };
		A4DC9A972C6A462600E006D7 /* HomeViewController.swift */ = {isa = PBXFileReference; lastKnownFileType = sourcecode.swift; path = HomeViewController.swift; sourceTree = "<group>"; };
		A4DC9A992C6A464000E006D7 /* HomeCoordinator.swift */ = {isa = PBXFileReference; lastKnownFileType = sourcecode.swift; path = HomeCoordinator.swift; sourceTree = "<group>"; };
		A4DC9A9B2C6A4D2100E006D7 /* ViewControllerDefault.swift */ = {isa = PBXFileReference; lastKnownFileType = sourcecode.swift; path = ViewControllerDefault.swift; sourceTree = "<group>"; };
		A82C71F72C596EC300CB05D6 /* UIColor+.swift */ = {isa = PBXFileReference; lastKnownFileType = sourcecode.swift; path = "UIColor+.swift"; sourceTree = "<group>"; };
		A82C71FA2C59796D00CB05D6 /* imageDefault.swift */ = {isa = PBXFileReference; lastKnownFileType = sourcecode.swift; path = imageDefault.swift; sourceTree = "<group>"; };
		A82C71FC2C597A2300CB05D6 /* buttonDefault.swift */ = {isa = PBXFileReference; lastKnownFileType = sourcecode.swift; path = buttonDefault.swift; sourceTree = "<group>"; };
		A82C71FE2C597A3200CB05D6 /* labelDefault.swift */ = {isa = PBXFileReference; lastKnownFileType = sourcecode.swift; path = labelDefault.swift; sourceTree = "<group>"; };
		A82C72002C597A5600CB05D6 /* textFieldDefault.swift */ = {isa = PBXFileReference; lastKnownFileType = sourcecode.swift; path = textFieldDefault.swift; sourceTree = "<group>"; };
/* End PBXFileReference section */

/* Begin PBXFrameworksBuildPhase section */
		A432B4032C51305700E15136 /* Frameworks */ = {
			isa = PBXFrameworksBuildPhase;
			buildActionMask = 2147483647;
			files = (
			);
			runOnlyForDeploymentPostprocessing = 0;
		};
		A432B4192C51305B00E15136 /* Frameworks */ = {
			isa = PBXFrameworksBuildPhase;
			buildActionMask = 2147483647;
			files = (
			);
			runOnlyForDeploymentPostprocessing = 0;
		};
		A432B4232C51305B00E15136 /* Frameworks */ = {
			isa = PBXFrameworksBuildPhase;
			buildActionMask = 2147483647;
			files = (
			);
			runOnlyForDeploymentPostprocessing = 0;
		};
/* End PBXFrameworksBuildPhase section */

/* Begin PBXGroup section */
		A432B3FD2C51305700E15136 = {
			isa = PBXGroup;
			children = (
				A432B4082C51305700E15136 /* AppNotifica */,
				A432B41F2C51305B00E15136 /* AppNotificaTests */,
				A432B4292C51305B00E15136 /* AppNotificaUITests */,
				A432B4072C51305700E15136 /* Products */,
			);
			sourceTree = "<group>";
		};
		A432B4072C51305700E15136 /* Products */ = {
			isa = PBXGroup;
			children = (
				A432B4062C51305700E15136 /* AppNotifica.app */,
				A432B41C2C51305B00E15136 /* AppNotificaTests.xctest */,
				A432B4262C51305B00E15136 /* AppNotificaUITests.xctest */,
			);
			name = Products;
			sourceTree = "<group>";
		};
		A432B4082C51305700E15136 /* AppNotifica */ = {
			isa = PBXGroup;
			children = (
				A82C71F92C59794400CB05D6 /* Infrastructure */,
				A82C71F62C596E5000CB05D6 /* Extension */,
				A48400E62C57D69600250DF9 /* Controller */,
				A48400E12C57D55500250DF9 /* Coordinator */,
				A432B4092C51305700E15136 /* AppDelegate.swift */,
				A432B40B2C51305700E15136 /* SceneDelegate.swift */,
				A432B40D2C51305700E15136 /* ViewController.swift */,
				A432B40F2C51305700E15136 /* Main.storyboard */,
				A432B4122C51305A00E15136 /* Assets.xcassets */,
				A432B4142C51305A00E15136 /* LaunchScreen.storyboard */,
				A432B4172C51305A00E15136 /* Info.plist */,
			);
			path = AppNotifica;
			sourceTree = "<group>";
		};
		A432B41F2C51305B00E15136 /* AppNotificaTests */ = {
			isa = PBXGroup;
			children = (
				A432B4202C51305B00E15136 /* AppNotificaTests.swift */,
			);
			path = AppNotificaTests;
			sourceTree = "<group>";
		};
		A432B4292C51305B00E15136 /* AppNotificaUITests */ = {
			isa = PBXGroup;
			children = (
				A432B42A2C51305B00E15136 /* AppNotificaUITests.swift */,
				A432B42C2C51305B00E15136 /* AppNotificaUITestsLaunchTests.swift */,
			);
			path = AppNotificaUITests;
			sourceTree = "<group>";
		};
		A46B55592C5A7A6F00B03D1E /* Login */ = {
			isa = PBXGroup;
			children = (
				A48400DF2C57CECC00250DF9 /* LoginView.swift */,
				A48400E72C57D6F400250DF9 /* LoginViewController.swift */,
			);
			path = Login;
			sourceTree = "<group>";
		};
		A46B555A2C5A7AA100B03D1E /* Register */ = {
			isa = PBXGroup;
			children = (
				A46B555B2C5A7ABD00B03D1E /* RegisterView.swift */,
				A46B555D2C5A7AD300B03D1E /* RegisterViewController.swift */,
			);
			path = Register;
			sourceTree = "<group>";
		};
		A48400E12C57D55500250DF9 /* Coordinator */ = {
			isa = PBXGroup;
			children = (
				A48400E22C57D56D00250DF9 /* Coordinator.swift */,
				A48400E42C57D5AB00250DF9 /* LoginCoordinator.swift */,
				A46B555F2C5A7B0500B03D1E /* RegisterCoordinator.swift */,
				A4DC9A992C6A464000E006D7 /* HomeCoordinator.swift */,
			);
			path = Coordinator;
			sourceTree = "<group>";
		};
		A48400E62C57D69600250DF9 /* Controller */ = {
			isa = PBXGroup;
			children = (
				A4DC9A942C6A45DE00E006D7 /* Home */,
				A46B555A2C5A7AA100B03D1E /* Register */,
				A46B55592C5A7A6F00B03D1E /* Login */,
			);
			path = Controller;
			sourceTree = "<group>";
		};
		A4DC9A942C6A45DE00E006D7 /* Home */ = {
			isa = PBXGroup;
			children = (
				A4DC9A952C6A460A00E006D7 /* HomeView.swift */,
				A4DC9A972C6A462600E006D7 /* HomeViewController.swift */,
			);
			path = Home;
			sourceTree = "<group>";
		};
		A82C71F62C596E5000CB05D6 /* Extension */ = {
			isa = PBXGroup;
			children = (
				A82C71F72C596EC300CB05D6 /* UIColor+.swift */,
			);
			path = Extension;
			sourceTree = "<group>";
		};
		A82C71F92C59794400CB05D6 /* Infrastructure */ = {
			isa = PBXGroup;
			children = (
				A82C71FA2C59796D00CB05D6 /* imageDefault.swift */,
				A82C71FC2C597A2300CB05D6 /* buttonDefault.swift */,
				A82C71FE2C597A3200CB05D6 /* labelDefault.swift */,
				A82C72002C597A5600CB05D6 /* textFieldDefault.swift */,
				A4DC9A9B2C6A4D2100E006D7 /* ViewControllerDefault.swift */,
			);
			path = Infrastructure;
			sourceTree = "<group>";
		};
/* End PBXGroup section */

/* Begin PBXNativeTarget section */
		A432B4052C51305700E15136 /* AppNotifica */ = {
			isa = PBXNativeTarget;
			buildConfigurationList = A432B4302C51305B00E15136 /* Build configuration list for PBXNativeTarget "AppNotifica" */;
			buildPhases = (
				A432B4022C51305700E15136 /* Sources */,
				A432B4032C51305700E15136 /* Frameworks */,
				A432B4042C51305700E15136 /* Resources */,
			);
			buildRules = (
			);
			dependencies = (
			);
			name = AppNotifica;
			productName = AppNotifica;
			productReference = A432B4062C51305700E15136 /* AppNotifica.app */;
			productType = "com.apple.product-type.application";
		};
		A432B41B2C51305B00E15136 /* AppNotificaTests */ = {
			isa = PBXNativeTarget;
			buildConfigurationList = A432B4332C51305B00E15136 /* Build configuration list for PBXNativeTarget "AppNotificaTests" */;
			buildPhases = (
				A432B4182C51305B00E15136 /* Sources */,
				A432B4192C51305B00E15136 /* Frameworks */,
				A432B41A2C51305B00E15136 /* Resources */,
			);
			buildRules = (
			);
			dependencies = (
				A432B41E2C51305B00E15136 /* PBXTargetDependency */,
			);
			name = AppNotificaTests;
			productName = AppNotificaTests;
			productReference = A432B41C2C51305B00E15136 /* AppNotificaTests.xctest */;
			productType = "com.apple.product-type.bundle.unit-test";
		};
		A432B4252C51305B00E15136 /* AppNotificaUITests */ = {
			isa = PBXNativeTarget;
			buildConfigurationList = A432B4362C51305B00E15136 /* Build configuration list for PBXNativeTarget "AppNotificaUITests" */;
			buildPhases = (
				A432B4222C51305B00E15136 /* Sources */,
				A432B4232C51305B00E15136 /* Frameworks */,
				A432B4242C51305B00E15136 /* Resources */,
			);
			buildRules = (
			);
			dependencies = (
				A432B4282C51305B00E15136 /* PBXTargetDependency */,
			);
			name = AppNotificaUITests;
			productName = AppNotificaUITests;
			productReference = A432B4262C51305B00E15136 /* AppNotificaUITests.xctest */;
			productType = "com.apple.product-type.bundle.ui-testing";
		};
/* End PBXNativeTarget section */

/* Begin PBXProject section */
		A432B3FE2C51305700E15136 /* Project object */ = {
			isa = PBXProject;
			attributes = {
				BuildIndependentTargetsInParallel = 1;
				LastSwiftUpdateCheck = 1530;
				LastUpgradeCheck = 1530;
				TargetAttributes = {
					A432B4052C51305700E15136 = {
						CreatedOnToolsVersion = 15.3;
					};
					A432B41B2C51305B00E15136 = {
						CreatedOnToolsVersion = 15.3;
						TestTargetID = A432B4052C51305700E15136;
					};
					A432B4252C51305B00E15136 = {
						CreatedOnToolsVersion = 15.3;
						TestTargetID = A432B4052C51305700E15136;
					};
				};
			};
			buildConfigurationList = A432B4012C51305700E15136 /* Build configuration list for PBXProject "AppNotifica" */;
			compatibilityVersion = "Xcode 14.0";
			developmentRegion = en;
			hasScannedForEncodings = 0;
			knownRegions = (
				en,
				Base,
			);
			mainGroup = A432B3FD2C51305700E15136;
			productRefGroup = A432B4072C51305700E15136 /* Products */;
			projectDirPath = "";
			projectRoot = "";
			targets = (
				A432B4052C51305700E15136 /* AppNotifica */,
				A432B41B2C51305B00E15136 /* AppNotificaTests */,
				A432B4252C51305B00E15136 /* AppNotificaUITests */,
			);
		};
/* End PBXProject section */

/* Begin PBXResourcesBuildPhase section */
		A432B4042C51305700E15136 /* Resources */ = {
			isa = PBXResourcesBuildPhase;
			buildActionMask = 2147483647;
			files = (
				A432B4132C51305A00E15136 /* Assets.xcassets in Resources */,
				A432B4162C51305A00E15136 /* Base in Resources */,
				A432B4112C51305700E15136 /* Base in Resources */,
			);
			runOnlyForDeploymentPostprocessing = 0;
		};
		A432B41A2C51305B00E15136 /* Resources */ = {
			isa = PBXResourcesBuildPhase;
			buildActionMask = 2147483647;
			files = (
			);
			runOnlyForDeploymentPostprocessing = 0;
		};
		A432B4242C51305B00E15136 /* Resources */ = {
			isa = PBXResourcesBuildPhase;
			buildActionMask = 2147483647;
			files = (
			);
			runOnlyForDeploymentPostprocessing = 0;
		};
/* End PBXResourcesBuildPhase section */

/* Begin PBXSourcesBuildPhase section */
		A432B4022C51305700E15136 /* Sources */ = {
			isa = PBXSourcesBuildPhase;
			buildActionMask = 2147483647;
			files = (
				A48400E82C57D6F400250DF9 /* LoginViewController.swift in Sources */,
				A82C71F82C596EC300CB05D6 /* UIColor+.swift in Sources */,
				A46B555C2C5A7ABD00B03D1E /* RegisterView.swift in Sources */,
				A4DC9A982C6A462600E006D7 /* HomeViewController.swift in Sources */,
				A82C71FB2C59796D00CB05D6 /* imageDefault.swift in Sources */,
				A82C72012C597A5600CB05D6 /* textFieldDefault.swift in Sources */,
				A48400E52C57D5AB00250DF9 /* LoginCoordinator.swift in Sources */,
				A432B40E2C51305700E15136 /* ViewController.swift in Sources */,
				A48400E32C57D56D00250DF9 /* Coordinator.swift in Sources */,
				A82C71FF2C597A3200CB05D6 /* labelDefault.swift in Sources */,
				A432B40A2C51305700E15136 /* AppDelegate.swift in Sources */,
				A4DC9A9A2C6A464000E006D7 /* HomeCoordinator.swift in Sources */,
				A46B555E2C5A7AD300B03D1E /* RegisterViewController.swift in Sources */,
				A82C71FD2C597A2300CB05D6 /* buttonDefault.swift in Sources */,
				A4DC9A9C2C6A4D2100E006D7 /* ViewControllerDefault.swift in Sources */,
				A48400E02C57CECC00250DF9 /* LoginView.swift in Sources */,
				A4DC9A962C6A460A00E006D7 /* HomeView.swift in Sources */,
				A432B40C2C51305700E15136 /* SceneDelegate.swift in Sources */,
				A46B55602C5A7B0500B03D1E /* RegisterCoordinator.swift in Sources */,
			);
			runOnlyForDeploymentPostprocessing = 0;
		};
		A432B4182C51305B00E15136 /* Sources */ = {
			isa = PBXSourcesBuildPhase;
			buildActionMask = 2147483647;
			files = (
				A432B4212C51305B00E15136 /* AppNotificaTests.swift in Sources */,
			);
			runOnlyForDeploymentPostprocessing = 0;
		};
		A432B4222C51305B00E15136 /* Sources */ = {
			isa = PBXSourcesBuildPhase;
			buildActionMask = 2147483647;
			files = (
				A432B42B2C51305B00E15136 /* AppNotificaUITests.swift in Sources */,
				A432B42D2C51305B00E15136 /* AppNotificaUITestsLaunchTests.swift in Sources */,
			);
			runOnlyForDeploymentPostprocessing = 0;
		};
/* End PBXSourcesBuildPhase section */

/* Begin PBXTargetDependency section */
		A432B41E2C51305B00E15136 /* PBXTargetDependency */ = {
			isa = PBXTargetDependency;
			target = A432B4052C51305700E15136 /* AppNotifica */;
			targetProxy = A432B41D2C51305B00E15136 /* PBXContainerItemProxy */;
		};
		A432B4282C51305B00E15136 /* PBXTargetDependency */ = {
			isa = PBXTargetDependency;
			target = A432B4052C51305700E15136 /* AppNotifica */;
			targetProxy = A432B4272C51305B00E15136 /* PBXContainerItemProxy */;
		};
/* End PBXTargetDependency section */

/* Begin PBXVariantGroup section */
		A432B40F2C51305700E15136 /* Main.storyboard */ = {
			isa = PBXVariantGroup;
			children = (
				A432B4102C51305700E15136 /* Base */,
			);
			name = Main.storyboard;
			sourceTree = "<group>";
		};
		A432B4142C51305A00E15136 /* LaunchScreen.storyboard */ = {
			isa = PBXVariantGroup;
			children = (
				A432B4152C51305A00E15136 /* Base */,
			);
			name = LaunchScreen.storyboard;
			sourceTree = "<group>";
		};
/* End PBXVariantGroup section */

/* Begin XCBuildConfiguration section */
		A432B42E2C51305B00E15136 /* Debug */ = {
			isa = XCBuildConfiguration;
			buildSettings = {
				ALWAYS_SEARCH_USER_PATHS = NO;
				ASSETCATALOG_COMPILER_GENERATE_SWIFT_ASSET_SYMBOL_EXTENSIONS = YES;
				CLANG_ANALYZER_NONNULL = YES;
				CLANG_ANALYZER_NUMBER_OBJECT_CONVERSION = YES_AGGRESSIVE;
				CLANG_CXX_LANGUAGE_STANDARD = "gnu++20";
				CLANG_ENABLE_MODULES = YES;
				CLANG_ENABLE_OBJC_ARC = YES;
				CLANG_ENABLE_OBJC_WEAK = YES;
				CLANG_WARN_BLOCK_CAPTURE_AUTORELEASING = YES;
				CLANG_WARN_BOOL_CONVERSION = YES;
				CLANG_WARN_COMMA = YES;
				CLANG_WARN_CONSTANT_CONVERSION = YES;
				CLANG_WARN_DEPRECATED_OBJC_IMPLEMENTATIONS = YES;
				CLANG_WARN_DIRECT_OBJC_ISA_USAGE = YES_ERROR;
				CLANG_WARN_DOCUMENTATION_COMMENTS = YES;
				CLANG_WARN_EMPTY_BODY = YES;
				CLANG_WARN_ENUM_CONVERSION = YES;
				CLANG_WARN_INFINITE_RECURSION = YES;
				CLANG_WARN_INT_CONVERSION = YES;
				CLANG_WARN_NON_LITERAL_NULL_CONVERSION = YES;
				CLANG_WARN_OBJC_IMPLICIT_RETAIN_SELF = YES;
				CLANG_WARN_OBJC_LITERAL_CONVERSION = YES;
				CLANG_WARN_OBJC_ROOT_CLASS = YES_ERROR;
				CLANG_WARN_QUOTED_INCLUDE_IN_FRAMEWORK_HEADER = YES;
				CLANG_WARN_RANGE_LOOP_ANALYSIS = YES;
				CLANG_WARN_STRICT_PROTOTYPES = YES;
				CLANG_WARN_SUSPICIOUS_MOVE = YES;
				CLANG_WARN_UNGUARDED_AVAILABILITY = YES_AGGRESSIVE;
				CLANG_WARN_UNREACHABLE_CODE = YES;
				CLANG_WARN__DUPLICATE_METHOD_MATCH = YES;
				COPY_PHASE_STRIP = NO;
				DEBUG_INFORMATION_FORMAT = dwarf;
				ENABLE_STRICT_OBJC_MSGSEND = YES;
				ENABLE_TESTABILITY = YES;
				ENABLE_USER_SCRIPT_SANDBOXING = YES;
				GCC_C_LANGUAGE_STANDARD = gnu17;
				GCC_DYNAMIC_NO_PIC = NO;
				GCC_NO_COMMON_BLOCKS = YES;
				GCC_OPTIMIZATION_LEVEL = 0;
				GCC_PREPROCESSOR_DEFINITIONS = (
					"DEBUG=1",
					"$(inherited)",
				);
				GCC_WARN_64_TO_32_BIT_CONVERSION = YES;
				GCC_WARN_ABOUT_RETURN_TYPE = YES_ERROR;
				GCC_WARN_UNDECLARED_SELECTOR = YES;
				GCC_WARN_UNINITIALIZED_AUTOS = YES_AGGRESSIVE;
				GCC_WARN_UNUSED_FUNCTION = YES;
				GCC_WARN_UNUSED_VARIABLE = YES;
				IPHONEOS_DEPLOYMENT_TARGET = 17.4;
				LOCALIZATION_PREFERS_STRING_CATALOGS = YES;
				MTL_ENABLE_DEBUG_INFO = INCLUDE_SOURCE;
				MTL_FAST_MATH = YES;
				ONLY_ACTIVE_ARCH = YES;
				SDKROOT = iphoneos;
				SWIFT_ACTIVE_COMPILATION_CONDITIONS = "DEBUG $(inherited)";
				SWIFT_OPTIMIZATION_LEVEL = "-Onone";
			};
			name = Debug;
		};
		A432B42F2C51305B00E15136 /* Release */ = {
			isa = XCBuildConfiguration;
			buildSettings = {
				ALWAYS_SEARCH_USER_PATHS = NO;
				ASSETCATALOG_COMPILER_GENERATE_SWIFT_ASSET_SYMBOL_EXTENSIONS = YES;
				CLANG_ANALYZER_NONNULL = YES;
				CLANG_ANALYZER_NUMBER_OBJECT_CONVERSION = YES_AGGRESSIVE;
				CLANG_CXX_LANGUAGE_STANDARD = "gnu++20";
				CLANG_ENABLE_MODULES = YES;
				CLANG_ENABLE_OBJC_ARC = YES;
				CLANG_ENABLE_OBJC_WEAK = YES;
				CLANG_WARN_BLOCK_CAPTURE_AUTORELEASING = YES;
				CLANG_WARN_BOOL_CONVERSION = YES;
				CLANG_WARN_COMMA = YES;
				CLANG_WARN_CONSTANT_CONVERSION = YES;
				CLANG_WARN_DEPRECATED_OBJC_IMPLEMENTATIONS = YES;
				CLANG_WARN_DIRECT_OBJC_ISA_USAGE = YES_ERROR;
				CLANG_WARN_DOCUMENTATION_COMMENTS = YES;
				CLANG_WARN_EMPTY_BODY = YES;
				CLANG_WARN_ENUM_CONVERSION = YES;
				CLANG_WARN_INFINITE_RECURSION = YES;
				CLANG_WARN_INT_CONVERSION = YES;
				CLANG_WARN_NON_LITERAL_NULL_CONVERSION = YES;
				CLANG_WARN_OBJC_IMPLICIT_RETAIN_SELF = YES;
				CLANG_WARN_OBJC_LITERAL_CONVERSION = YES;
				CLANG_WARN_OBJC_ROOT_CLASS = YES_ERROR;
				CLANG_WARN_QUOTED_INCLUDE_IN_FRAMEWORK_HEADER = YES;
				CLANG_WARN_RANGE_LOOP_ANALYSIS = YES;
				CLANG_WARN_STRICT_PROTOTYPES = YES;
				CLANG_WARN_SUSPICIOUS_MOVE = YES;
				CLANG_WARN_UNGUARDED_AVAILABILITY = YES_AGGRESSIVE;
				CLANG_WARN_UNREACHABLE_CODE = YES;
				CLANG_WARN__DUPLICATE_METHOD_MATCH = YES;
				COPY_PHASE_STRIP = NO;
				DEBUG_INFORMATION_FORMAT = "dwarf-with-dsym";
				ENABLE_NS_ASSERTIONS = NO;
				ENABLE_STRICT_OBJC_MSGSEND = YES;
				ENABLE_USER_SCRIPT_SANDBOXING = YES;
				GCC_C_LANGUAGE_STANDARD = gnu17;
				GCC_NO_COMMON_BLOCKS = YES;
				GCC_WARN_64_TO_32_BIT_CONVERSION = YES;
				GCC_WARN_ABOUT_RETURN_TYPE = YES_ERROR;
				GCC_WARN_UNDECLARED_SELECTOR = YES;
				GCC_WARN_UNINITIALIZED_AUTOS = YES_AGGRESSIVE;
				GCC_WARN_UNUSED_FUNCTION = YES;
				GCC_WARN_UNUSED_VARIABLE = YES;
				IPHONEOS_DEPLOYMENT_TARGET = 17.4;
				LOCALIZATION_PREFERS_STRING_CATALOGS = YES;
				MTL_ENABLE_DEBUG_INFO = NO;
				MTL_FAST_MATH = YES;
				SDKROOT = iphoneos;
				SWIFT_COMPILATION_MODE = wholemodule;
				VALIDATE_PRODUCT = YES;
			};
			name = Release;
		};
		A432B4312C51305B00E15136 /* Debug */ = {
			isa = XCBuildConfiguration;
			buildSettings = {
				ASSETCATALOG_COMPILER_APPICON_NAME = AppIcon;
				ASSETCATALOG_COMPILER_GLOBAL_ACCENT_COLOR_NAME = AccentColor;
				CODE_SIGN_STYLE = Automatic;
				CURRENT_PROJECT_VERSION = 1;
				GENERATE_INFOPLIST_FILE = YES;
				INFOPLIST_FILE = AppNotifica/Info.plist;
				INFOPLIST_KEY_UIApplicationSupportsIndirectInputEvents = YES;
				INFOPLIST_KEY_UILaunchStoryboardName = LaunchScreen;
				INFOPLIST_KEY_UIMainStoryboardFile = Main;
				INFOPLIST_KEY_UISupportedInterfaceOrientations_iPad = "UIInterfaceOrientationPortrait UIInterfaceOrientationPortraitUpsideDown UIInterfaceOrientationLandscapeLeft UIInterfaceOrientationLandscapeRight";
				INFOPLIST_KEY_UISupportedInterfaceOrientations_iPhone = "UIInterfaceOrientationPortrait UIInterfaceOrientationLandscapeLeft UIInterfaceOrientationLandscapeRight";
				LD_RUNPATH_SEARCH_PATHS = (
					"$(inherited)",
					"@executable_path/Frameworks",
				);
				MARKETING_VERSION = 1.0;
				PRODUCT_BUNDLE_IDENTIFIER = br.com.IFBIOTIC14.AppNotifica;
				PRODUCT_NAME = "$(TARGET_NAME)";
				SWIFT_EMIT_LOC_STRINGS = YES;
				SWIFT_VERSION = 5.0;
				TARGETED_DEVICE_FAMILY = "1,2";
			};
			name = Debug;
		};
		A432B4322C51305B00E15136 /* Release */ = {
			isa = XCBuildConfiguration;
			buildSettings = {
				ASSETCATALOG_COMPILER_APPICON_NAME = AppIcon;
				ASSETCATALOG_COMPILER_GLOBAL_ACCENT_COLOR_NAME = AccentColor;
				CODE_SIGN_STYLE = Automatic;
				CURRENT_PROJECT_VERSION = 1;
				GENERATE_INFOPLIST_FILE = YES;
				INFOPLIST_FILE = AppNotifica/Info.plist;
				INFOPLIST_KEY_UIApplicationSupportsIndirectInputEvents = YES;
				INFOPLIST_KEY_UILaunchStoryboardName = LaunchScreen;
				INFOPLIST_KEY_UIMainStoryboardFile = Main;
				INFOPLIST_KEY_UISupportedInterfaceOrientations_iPad = "UIInterfaceOrientationPortrait UIInterfaceOrientationPortraitUpsideDown UIInterfaceOrientationLandscapeLeft UIInterfaceOrientationLandscapeRight";
				INFOPLIST_KEY_UISupportedInterfaceOrientations_iPhone = "UIInterfaceOrientationPortrait UIInterfaceOrientationLandscapeLeft UIInterfaceOrientationLandscapeRight";
				LD_RUNPATH_SEARCH_PATHS = (
					"$(inherited)",
					"@executable_path/Frameworks",
				);
				MARKETING_VERSION = 1.0;
				PRODUCT_BUNDLE_IDENTIFIER = br.com.IFBIOTIC14.AppNotifica;
				PRODUCT_NAME = "$(TARGET_NAME)";
				SWIFT_EMIT_LOC_STRINGS = YES;
				SWIFT_VERSION = 5.0;
				TARGETED_DEVICE_FAMILY = "1,2";
			};
			name = Release;
		};
		A432B4342C51305B00E15136 /* Debug */ = {
			isa = XCBuildConfiguration;
			buildSettings = {
				ALWAYS_EMBED_SWIFT_STANDARD_LIBRARIES = YES;
				BUNDLE_LOADER = "$(TEST_HOST)";
				CODE_SIGN_STYLE = Automatic;
				CURRENT_PROJECT_VERSION = 1;
				GENERATE_INFOPLIST_FILE = YES;
				IPHONEOS_DEPLOYMENT_TARGET = 17.4;
				MARKETING_VERSION = 1.0;
				PRODUCT_BUNDLE_IDENTIFIER = br.com.IFBIOTIC14.AppNotificaTests;
				PRODUCT_NAME = "$(TARGET_NAME)";
				SWIFT_EMIT_LOC_STRINGS = NO;
				SWIFT_VERSION = 5.0;
				TARGETED_DEVICE_FAMILY = "1,2";
				TEST_HOST = "$(BUILT_PRODUCTS_DIR)/AppNotifica.app/$(BUNDLE_EXECUTABLE_FOLDER_PATH)/AppNotifica";
			};
			name = Debug;
		};
		A432B4352C51305B00E15136 /* Release */ = {
			isa = XCBuildConfiguration;
			buildSettings = {
				ALWAYS_EMBED_SWIFT_STANDARD_LIBRARIES = YES;
				BUNDLE_LOADER = "$(TEST_HOST)";
				CODE_SIGN_STYLE = Automatic;
				CURRENT_PROJECT_VERSION = 1;
				GENERATE_INFOPLIST_FILE = YES;
				IPHONEOS_DEPLOYMENT_TARGET = 17.4;
				MARKETING_VERSION = 1.0;
				PRODUCT_BUNDLE_IDENTIFIER = br.com.IFBIOTIC14.AppNotificaTests;
				PRODUCT_NAME = "$(TARGET_NAME)";
				SWIFT_EMIT_LOC_STRINGS = NO;
				SWIFT_VERSION = 5.0;
				TARGETED_DEVICE_FAMILY = "1,2";
				TEST_HOST = "$(BUILT_PRODUCTS_DIR)/AppNotifica.app/$(BUNDLE_EXECUTABLE_FOLDER_PATH)/AppNotifica";
			};
			name = Release;
		};
		A432B4372C51305B00E15136 /* Debug */ = {
			isa = XCBuildConfiguration;
			buildSettings = {
				ALWAYS_EMBED_SWIFT_STANDARD_LIBRARIES = YES;
				CODE_SIGN_STYLE = Automatic;
				CURRENT_PROJECT_VERSION = 1;
				GENERATE_INFOPLIST_FILE = YES;
				MARKETING_VERSION = 1.0;
				PRODUCT_BUNDLE_IDENTIFIER = br.com.IFBIOTIC14.AppNotificaUITests;
				PRODUCT_NAME = "$(TARGET_NAME)";
				SWIFT_EMIT_LOC_STRINGS = NO;
				SWIFT_VERSION = 5.0;
				TARGETED_DEVICE_FAMILY = "1,2";
				TEST_TARGET_NAME = AppNotifica;
			};
			name = Debug;
		};
		A432B4382C51305B00E15136 /* Release */ = {
			isa = XCBuildConfiguration;
			buildSettings = {
				ALWAYS_EMBED_SWIFT_STANDARD_LIBRARIES = YES;
				CODE_SIGN_STYLE = Automatic;
				CURRENT_PROJECT_VERSION = 1;
				GENERATE_INFOPLIST_FILE = YES;
				MARKETING_VERSION = 1.0;
				PRODUCT_BUNDLE_IDENTIFIER = br.com.IFBIOTIC14.AppNotificaUITests;
				PRODUCT_NAME = "$(TARGET_NAME)";
				SWIFT_EMIT_LOC_STRINGS = NO;
				SWIFT_VERSION = 5.0;
				TARGETED_DEVICE_FAMILY = "1,2";
				TEST_TARGET_NAME = AppNotifica;
			};
			name = Release;
		};
/* End XCBuildConfiguration section */

/* Begin XCConfigurationList section */
		A432B4012C51305700E15136 /* Build configuration list for PBXProject "AppNotifica" */ = {
			isa = XCConfigurationList;
			buildConfigurations = (
				A432B42E2C51305B00E15136 /* Debug */,
				A432B42F2C51305B00E15136 /* Release */,
			);
			defaultConfigurationIsVisible = 0;
			defaultConfigurationName = Release;
		};
		A432B4302C51305B00E15136 /* Build configuration list for PBXNativeTarget "AppNotifica" */ = {
			isa = XCConfigurationList;
			buildConfigurations = (
				A432B4312C51305B00E15136 /* Debug */,
				A432B4322C51305B00E15136 /* Release */,
			);
			defaultConfigurationIsVisible = 0;
			defaultConfigurationName = Release;
		};
		A432B4332C51305B00E15136 /* Build configuration list for PBXNativeTarget "AppNotificaTests" */ = {
			isa = XCConfigurationList;
			buildConfigurations = (
				A432B4342C51305B00E15136 /* Debug */,
				A432B4352C51305B00E15136 /* Release */,
			);
			defaultConfigurationIsVisible = 0;
			defaultConfigurationName = Release;
		};
		A432B4362C51305B00E15136 /* Build configuration list for PBXNativeTarget "AppNotificaUITests" */ = {
			isa = XCConfigurationList;
			buildConfigurations = (
				A432B4372C51305B00E15136 /* Debug */,
				A432B4382C51305B00E15136 /* Release */,
			);
			defaultConfigurationIsVisible = 0;
			defaultConfigurationName = Release;
		};
/* End XCConfigurationList section */
	};
	rootObject = A432B3FE2C51305700E15136 /* Project object */;
}
